{
	"name": "@code-yeongyu/ast-grep-mcp",
	"version": "0.1.0",
	"lockfileVersion": 3,
	"requires": true,
	"packages": {
		"": {
			"name": "@code-yeongyu/ast-grep-mcp",
			"version": "0.1.0",
			"license": "MIT",
			"dependencies": {
				"@ast-grep/napi": "*"
			},
			"bin": {
				"lazyantigravity-ast-grep": "dist/cli.js",
				"omo-ast-grep": "dist/cli.js"
			},
			"optionalDependencies": {
				"@ast-grep/napi": "^0.45.2"
			}
		},
		"node_modules/@ast-grep/napi": {
			"version": "0.45.2",
			"resolved": "https://registry.npmjs.org/@ast-grep/napi/-/napi-0.45.2.tgz",
			"integrity": "sha512-hBA5c7JV6OM7zFWoLjUNZhsDpxEIEIeew5S3z1giwK5tPQqobuFfM2OhS45bN3E0+yQtgCX/o8/AEHKbGD3ykg==",
			"license": "MIT",
			"optional": true,
			"engines": {
				"node": ">= 10"
			},
			"optionalDependencies": {
				"@ast-grep/napi-darwin-arm64": "0.45.2",
				"@ast-grep/napi-darwin-x64": "0.45.2",
				"@ast-grep/napi-linux-arm64-gnu": "0.45.2",
				"@ast-grep/napi-linux-arm64-musl": "0.45.2",
				"@ast-grep/napi-linux-x64-gnu": "0.45.2",
				"@ast-grep/napi-linux-x64-musl": "0.45.2",
				"@ast-grep/napi-win32-arm64-msvc": "0.45.2",
				"@ast-grep/napi-win32-ia32-msvc": "0.45.2",
				"@ast-grep/napi-win32-x64-msvc": "0.45.2"
			}
		},
		"node_modules/@ast-grep/napi-darwin-arm64": {
			"version": "0.45.2",
			"resolved": "https://registry.npmjs.org/@ast-grep/napi-darwin-arm64/-/napi-darwin-arm64-0.45.2.tgz",
			"integrity": "sha512-29+sfXTJ7xxqgTuWAHA89gDAQIiJyAZ1ZiHoupjKIqyn0mhXrktO1WOghlDzyYs++hITEPOeXftxy48Y0tDGDQ==",
			"cpu": [
				"arm64"
			],
			"license": "MIT",
			"optional": true,
			"os": [
				"darwin"
			],
			"engines": {
				"node": ">= 10"
			}
		},
		"node_modules/@ast-grep/napi-darwin-x64": {
			"version": "0.45.2",
			"resolved": "https://registry.npmjs.org/@ast-grep/napi-darwin-x64/-/napi-darwin-x64-0.45.2.tgz",
			"integrity": "sha512-PUjh7Zf4dKNzYLOYhX5wU6O4BgRPdJnD9zkS1n+/5SeK0U1L5YL486RjNgFt9Xyff0PGtP/wDeoHMF5PhKEwsw==",
			"cpu": [
				"x64"
			],
			"license": "MIT",
			"optional": true,
			"os": [
				"darwin"
			],
			"engines": {
				"node": ">= 10"
			}
		},
		"node_modules/@ast-grep/napi-linux-arm64-gnu": {
			"version": "0.45.2",
			"resolved": "https://registry.npmjs.org/@ast-grep/napi-linux-arm64-gnu/-/napi-linux-arm64-gnu-0.45.2.tgz",
			"integrity": "sha512-bnGKLLHWO13pjPChOFq7Ifqj3HJdOAxMQAGDCUC2JSJhO2YL8/xBZrpN0cHIWNuoUNSAXjCtr5AsCnPz/3jlFg==",
			"cpu": [
				"arm64"
			],
			"libc": [
				"glibc"
			],
			"license": "MIT",
			"optional": true,
			"os": [
				"linux"
			],
			"engines": {
				"node": ">= 10"
			}
		},
		"node_modules/@ast-grep/napi-linux-arm64-musl": {
			"version": "0.45.2",
			"resolved": "https://registry.npmjs.org/@ast-grep/napi-linux-arm64-musl/-/napi-linux-arm64-musl-0.45.2.tgz",
			"integrity": "sha512-FXVb4/V55THjhKxi5zWVrAO8JQj+/DiYP7JLsqenkm5V3UNuC8p2opGOyQpUvNpvcqJiZA9Hl+Onj/yfwSVr/A==",
			"cpu": [
				"arm64"
			],
			"libc": [
				"musl"
			],
			"license": "MIT",
			"optional": true,
			"os": [
				"linux"
			],
			"engines": {
				"node": ">= 10"
			}
		},
		"node_modules/@ast-grep/napi-linux-x64-gnu": {
			"version": "0.45.2",
			"resolved": "https://registry.npmjs.org/@ast-grep/napi-linux-x64-gnu/-/napi-linux-x64-gnu-0.45.2.tgz",
			"integrity": "sha512-mtEIPLV9MW2PBswFcp3ydM4T5Ub73s89SRd0QMT2+DfA9XBLCLhnC+r/Yt4eRgnf8FyNx49bFTPxXvFKscr9hw==",
			"cpu": [
				"x64"
			],
			"libc": [
				"glibc"
			],
			"license": "MIT",
			"optional": true,
			"os": [
				"linux"
			],
			"engines": {
				"node": ">= 10"
			}
		},
		"node_modules/@ast-grep/napi-linux-x64-musl": {
			"version": "0.45.2",
			"resolved": "https://registry.npmjs.org/@ast-grep/napi-linux-x64-musl/-/napi-linux-x64-musl-0.45.2.tgz",
			"integrity": "sha512-WLLHxDmuXkb/e3mz/xDCrB2dZPzv1ntsepuRTtpaIGczxnQTgFSzX/CXPD0e1MfsU/QL1AiXxxni8w+NGy/ZpQ==",
			"cpu": [
				"x64"
			],
			"libc": [
				"musl"
			],
			"license": "MIT",
			"optional": true,
			"os": [
				"linux"
			],
			"engines": {
				"node": ">= 10"
			}
		},
		"node_modules/@ast-grep/napi-win32-arm64-msvc": {
			"version": "0.45.2",
			"resolved": "https://registry.npmjs.org/@ast-grep/napi-win32-arm64-msvc/-/napi-win32-arm64-msvc-0.45.2.tgz",
			"integrity": "sha512-04iOFaMzD2nf8CKw3nURWN42900wqPtUTQaMo1I2KRk3qbgtHSJjJoVJGAWUXkCq4LhPg3Xlk1s+ssWf4rNm2A==",
			"cpu": [
				"arm64"
			],
			"license": "MIT",
			"optional": true,
			"os": [
				"win32"
			],
			"engines": {
				"node": ">= 10"
			}
		},
		"node_modules/@ast-grep/napi-win32-ia32-msvc": {
			"version": "0.45.2",
			"resolved": "https://registry.npmjs.org/@ast-grep/napi-win32-ia32-msvc/-/napi-win32-ia32-msvc-0.45.2.tgz",
			"integrity": "sha512-tE3y0RQcajocKwpYLbgHKd4lzGGAx1wGMA0bGPsWdoFK8VSob6ZDuYdSlSdnaRs8jAc4F3axToNRKn15p+0/Dg==",
			"cpu": [
				"ia32"
			],
			"license": "MIT",
			"optional": true,
			"os": [
				"win32"
			],
			"engines": {
				"node": ">= 10"
			}
		},
		"node_modules/@ast-grep/napi-win32-x64-msvc": {
			"version": "0.45.2",
			"resolved": "https://registry.npmjs.org/@ast-grep/napi-win32-x64-msvc/-/napi-win32-x64-msvc-0.45.2.tgz",
			"integrity": "sha512-o8Z5Z42TAJe0fPnb11rrjtte58wlw/MuR4KpVMHl8IhJLBBR7gHR0E8wfMz88TxzsQz0U2KYev0k0a2fV4i0sQ==",
			"cpu": [
				"x64"
			],
			"license": "MIT",
			"optional": true,
			"os": [
				"win32"
			],
			"engines": {
				"node": ">= 10"
			}
		}
	}
}
