{
	"name": "@code-yeongyu/lsp-tools-mcp",
	"version": "0.1.0",
	"lockfileVersion": 3,
	"requires": true,
	"packages": {
		"": {
			"name": "@code-yeongyu/lsp-tools-mcp",
			"version": "0.1.0",
			"license": "MIT",
			"bin": {
				"lazyantigravity-lsp": "dist/cli.js",
				"omo-lsp": "dist/cli.js"
			}
		}
	}
}
